# This is a Gradle generated file for dependency locking.
# Manual edits can break the build and are not advised.
# This file is expected to be part of source control.
cglib:cglib-nodep:3.3.0=integrationTestRuntimeClasspath,testRuntimeClasspath
ch.qos.logback:logback-classic:1.5.18=compileClasspath,integrationTestCompileClasspath,integrationTestRuntimeClasspath,runtimeClasspath,testCompileClasspath,testRuntimeClasspath
ch.qos.logback:logback-core:1.5.18=compileClasspath,integrationTestCompileClasspath,integrationTestRuntimeClasspath,runtimeClasspath,testCompileClasspath,testRuntimeClasspath
com.fasterxml.jackson.core:jackson-annotations:2.18.3=integrationTestCompileClasspath,integrationTestRuntimeClasspath,testRuntimeClasspath
com.fasterxml.jackson.core:jackson-core:2.18.3=integrationTestRuntimeClasspath,testRuntimeClasspath
com.fasterxml.jackson.core:jackson-databind:2.18.3=integrationTestRuntimeClasspath,testRuntimeClasspath
com.fasterxml.jackson.dataformat:jackson-dataformat-yaml:2.18.3=integrationTestRuntimeClasspath,testRuntimeClasspath
com.fasterxml.jackson:jackson-bom:2.18.3=integrationTestCompileClasspath,integrationTestRuntimeClasspath,testRuntimeClasspath
com.github.docker-java:docker-java-api:3.4.1=integrationTestCompileClasspath,integrationTestRuntimeClasspath
com.github.docker-java:docker-java-transport-zerodep:3.4.1=integrationTestCompileClasspath,integrationTestRuntimeClasspath
com.github.docker-java:docker-java-transport:3.4.1=integrationTestCompileClasspath,integrationTestRuntimeClasspath
com.github.javaparser:javaparser-core:3.26.3=integrationTestCompileClasspath,integrationTestRuntimeClasspath,testCompileClasspath,testRuntimeClasspath
com.jayway.jsonpath:json-path:2.9.0=integrationTestCompileClasspath,integrationTestRuntimeClasspath,testCompileClasspath,testRuntimeClasspath
com.thoughtworks.qdox:qdox:1.12.1=integrationTestRuntimeClasspath,testRuntimeClasspath
com.vaadin.external.google:android-json:0.0.20131108.vaadin1=integrationTestCompileClasspath,integrationTestRuntimeClasspath,testCompileClasspath,testRuntimeClasspath
info.picocli:picocli:4.7.6=integrationTestRuntimeClasspath,testRuntimeClasspath
io.leangen.geantyref:geantyref:1.3.16=integrationTestRuntimeClasspath,testRuntimeClasspath
io.micrometer:micrometer-commons:1.14.5=compileClasspath,developmentOnly,integrationTestCompileClasspath,integrationTestRuntimeClasspath,runtimeClasspath,testCompileClasspath,testRuntimeClasspath
io.micrometer:micrometer-observation:1.14.5=compileClasspath,developmentOnly,integrationTestCompileClasspath,integrationTestRuntimeClasspath,runtimeClasspath,testCompileClasspath,testRuntimeClasspath
io.mongock:mongock-bom:5.5.0=annotationProcessor,compileClasspath,integrationTestAnnotationProcessor,integrationTestCompileClasspath,integrationTestRuntimeClasspath,productionRuntimeClasspath,runtimeClasspath,testAnnotationProcessor,testCompileClasspath,testRuntimeClasspath
jakarta.activation:jakarta.activation-api:2.1.3=integrationTestCompileClasspath,integrationTestRuntimeClasspath,testCompileClasspath,testRuntimeClasspath
jakarta.annotation:jakarta.annotation-api:2.1.1=compileClasspath,integrationTestCompileClasspath,integrationTestRuntimeClasspath,runtimeClasspath,testCompileClasspath,testRuntimeClasspath
jakarta.xml.bind:jakarta.xml.bind-api:4.0.2=integrationTestCompileClasspath,integrationTestRuntimeClasspath,testCompileClasspath,testRuntimeClasspath
jline:jline:2.14.6=integrationTestRuntimeClasspath,testRuntimeClasspath
junit:junit:4.13.2=integrationTestCompileClasspath,integrationTestRuntimeClasspath,testCompileClasspath,testRuntimeClasspath
net.bytebuddy:byte-buddy-agent:1.15.11=integrationTestCompileClasspath,integrationTestRuntimeClasspath,testCompileClasspath,testRuntimeClasspath
net.bytebuddy:byte-buddy:1.15.11=integrationTestCompileClasspath,integrationTestRuntimeClasspath,testCompileClasspath,testRuntimeClasspath
net.java.dev.jna:jna:5.13.0=integrationTestCompileClasspath,integrationTestRuntimeClasspath
net.minidev:accessors-smart:2.5.2=integrationTestCompileClasspath,integrationTestRuntimeClasspath,testCompileClasspath,testRuntimeClasspath
net.minidev:json-smart:2.5.2=integrationTestCompileClasspath,integrationTestRuntimeClasspath,testCompileClasspath,testRuntimeClasspath
org.abego.treelayout:org.abego.treelayout.core:1.0.3=integrationTestRuntimeClasspath,testRuntimeClasspath
org.apache.ant:ant-antlr:1.10.15=integrationTestRuntimeClasspath,testRuntimeClasspath
org.apache.ant:ant-junit:1.10.15=integrationTestRuntimeClasspath,testRuntimeClasspath
org.apache.ant:ant-launcher:1.10.15=integrationTestRuntimeClasspath,testRuntimeClasspath
org.apache.ant:ant:1.10.15=integrationTestCompileClasspath,integrationTestRuntimeClasspath,testCompileClasspath,testRuntimeClasspath
org.apache.commons:commons-compress:1.24.0=integrationTestCompileClasspath,integrationTestRuntimeClasspath
org.apache.groovy:groovy-all:4.0.26=integrationTestCompileClasspath,integrationTestRuntimeClasspath,testCompileClasspath,testRuntimeClasspath
org.apache.groovy:groovy-ant:4.0.26=integrationTestCompileClasspath,integrationTestRuntimeClasspath,testCompileClasspath,testRuntimeClasspath
org.apache.groovy:groovy-bom:4.0.26=annotationProcessor,compileClasspath,integrationTestAnnotationProcessor,integrationTestCompileClasspath,integrationTestRuntimeClasspath,productionRuntimeClasspath,runtimeClasspath,testAnnotationProcessor,testCompileClasspath,testRuntimeClasspath
org.apache.groovy:groovy-cli-picocli:4.0.26=integrationTestCompileClasspath,integrationTestRuntimeClasspath,testCompileClasspath,testRuntimeClasspath
org.apache.groovy:groovy-console:4.0.26=integrationTestCompileClasspath,integrationTestRuntimeClasspath,testCompileClasspath,testRuntimeClasspath
org.apache.groovy:groovy-datetime:4.0.26=integrationTestCompileClasspath,integrationTestRuntimeClasspath,testCompileClasspath,testRuntimeClasspath
org.apache.groovy:groovy-docgenerator:4.0.26=integrationTestCompileClasspath,integrationTestRuntimeClasspath,testCompileClasspath,testRuntimeClasspath
org.apache.groovy:groovy-groovydoc:4.0.26=integrationTestCompileClasspath,integrationTestRuntimeClasspath,testCompileClasspath,testRuntimeClasspath
org.apache.groovy:groovy-groovysh:4.0.26=integrationTestCompileClasspath,integrationTestRuntimeClasspath,testCompileClasspath,testRuntimeClasspath
org.apache.groovy:groovy-jmx:4.0.26=integrationTestCompileClasspath,integrationTestRuntimeClasspath,testCompileClasspath,testRuntimeClasspath
org.apache.groovy:groovy-json:4.0.26=integrationTestCompileClasspath,integrationTestRuntimeClasspath,testCompileClasspath,testRuntimeClasspath
org.apache.groovy:groovy-jsr223:4.0.26=integrationTestCompileClasspath,integrationTestRuntimeClasspath,testCompileClasspath,testRuntimeClasspath
org.apache.groovy:groovy-macro:4.0.26=integrationTestCompileClasspath,integrationTestRuntimeClasspath,testCompileClasspath,testRuntimeClasspath
org.apache.groovy:groovy-nio:4.0.26=integrationTestCompileClasspath,integrationTestRuntimeClasspath,testCompileClasspath,testRuntimeClasspath
org.apache.groovy:groovy-servlet:4.0.26=integrationTestCompileClasspath,integrationTestRuntimeClasspath,testCompileClasspath,testRuntimeClasspath
org.apache.groovy:groovy-sql:4.0.26=integrationTestCompileClasspath,integrationTestRuntimeClasspath,testCompileClasspath,testRuntimeClasspath
org.apache.groovy:groovy-swing:4.0.26=integrationTestCompileClasspath,integrationTestRuntimeClasspath,testCompileClasspath,testRuntimeClasspath
org.apache.groovy:groovy-templates:4.0.26=integrationTestCompileClasspath,integrationTestRuntimeClasspath,testCompileClasspath,testRuntimeClasspath
org.apache.groovy:groovy-test-junit5:4.0.26=integrationTestCompileClasspath,integrationTestRuntimeClasspath,testCompileClasspath,testRuntimeClasspath
org.apache.groovy:groovy-test:4.0.26=integrationTestCompileClasspath,integrationTestRuntimeClasspath,testCompileClasspath,testRuntimeClasspath
org.apache.groovy:groovy-xml:4.0.26=integrationTestCompileClasspath,integrationTestRuntimeClasspath,testCompileClasspath,testRuntimeClasspath
org.apache.groovy:groovy-yaml:4.0.26=integrationTestCompileClasspath,integrationTestRuntimeClasspath,testCompileClasspath,testRuntimeClasspath
org.apache.groovy:groovy:4.0.26=integrationTestCompileClasspath,integrationTestRuntimeClasspath,testCompileClasspath,testRuntimeClasspath
org.apache.ivy:ivy:2.5.3=integrationTestRuntimeClasspath,testRuntimeClasspath
org.apache.logging.log4j:log4j-api:2.24.3=compileClasspath,integrationTestCompileClasspath,integrationTestRuntimeClasspath,runtimeClasspath,testCompileClasspath,testRuntimeClasspath
org.apache.logging.log4j:log4j-to-slf4j:2.24.3=compileClasspath,integrationTestCompileClasspath,integrationTestRuntimeClasspath,runtimeClasspath,testCompileClasspath,testRuntimeClasspath
org.apiguardian:apiguardian-api:1.1.2=integrationTestCompileClasspath,testCompileClasspath
org.assertj:assertj-core:3.26.3=integrationTestCompileClasspath,integrationTestRuntimeClasspath,testCompileClasspath,testRuntimeClasspath
org.awaitility:awaitility:4.2.2=integrationTestCompileClasspath,integrationTestRuntimeClasspath,testCompileClasspath,testRuntimeClasspath
org.hamcrest:hamcrest-core:2.2=integrationTestCompileClasspath,integrationTestRuntimeClasspath,testCompileClasspath,testRuntimeClasspath
org.hamcrest:hamcrest:2.2=integrationTestCompileClasspath,integrationTestRuntimeClasspath,testCompileClasspath,testRuntimeClasspath
org.jacoco:org.jacoco.agent:0.8.12=jacocoAgent,jacocoAnt
org.jacoco:org.jacoco.ant:0.8.12=jacocoAnt
org.jacoco:org.jacoco.core:0.8.12=jacocoAnt
org.jacoco:org.jacoco.report:0.8.12=jacocoAnt
org.jetbrains:annotations:17.0.0=integrationTestCompileClasspath,integrationTestRuntimeClasspath
org.junit.jupiter:junit-jupiter-api:5.11.4=integrationTestCompileClasspath,integrationTestRuntimeClasspath,testCompileClasspath,testRuntimeClasspath
org.junit.jupiter:junit-jupiter-engine:5.11.4=integrationTestRuntimeClasspath,testRuntimeClasspath
org.junit.jupiter:junit-jupiter-params:5.11.4=integrationTestCompileClasspath,integrationTestRuntimeClasspath,testCompileClasspath,testRuntimeClasspath
org.junit.jupiter:junit-jupiter:5.11.4=integrationTestCompileClasspath,integrationTestRuntimeClasspath,testCompileClasspath,testRuntimeClasspath
org.junit.platform:junit-platform-commons:1.11.4=integrationTestCompileClasspath,integrationTestRuntimeClasspath,testCompileClasspath,testRuntimeClasspath
org.junit.platform:junit-platform-engine:1.11.4=integrationTestCompileClasspath,integrationTestRuntimeClasspath,testCompileClasspath,testRuntimeClasspath
org.junit.platform:junit-platform-launcher:1.11.4=integrationTestRuntimeClasspath,testRuntimeClasspath
org.junit:junit-bom:5.11.4=integrationTestCompileClasspath,integrationTestRuntimeClasspath,testCompileClasspath,testRuntimeClasspath
org.mockito:mockito-core:5.14.2=integrationTestCompileClasspath,integrationTestRuntimeClasspath,testCompileClasspath,testRuntimeClasspath
org.mockito:mockito-junit-jupiter:5.14.2=integrationTestCompileClasspath,integrationTestRuntimeClasspath,testCompileClasspath,testRuntimeClasspath
org.mongodb:bson-record-codec:5.2.1=integrationTestRuntimeClasspath,runtimeClasspath,testRuntimeClasspath
org.mongodb:bson:5.2.1=compileClasspath,integrationTestCompileClasspath,integrationTestRuntimeClasspath,runtimeClasspath,testCompileClasspath,testRuntimeClasspath
org.mongodb:mongodb-driver-core:5.2.1=compileClasspath,integrationTestCompileClasspath,integrationTestRuntimeClasspath,runtimeClasspath,testCompileClasspath,testRuntimeClasspath
org.mongodb:mongodb-driver-sync:5.2.1=compileClasspath,integrationTestCompileClasspath,integrationTestRuntimeClasspath,runtimeClasspath,testCompileClasspath,testRuntimeClasspath
org.objenesis:objenesis:3.4=integrationTestRuntimeClasspath,testRuntimeClasspath
org.opentest4j:opentest4j:1.3.0=integrationTestCompileClasspath,integrationTestRuntimeClasspath,testCompileClasspath,testRuntimeClasspath
org.ow2.asm:asm-analysis:9.7.1=integrationTestRuntimeClasspath,testRuntimeClasspath
org.ow2.asm:asm-commons:9.7=jacocoAnt
org.ow2.asm:asm-tree:9.7=jacocoAnt
org.ow2.asm:asm-tree:9.7.1=integrationTestRuntimeClasspath,testRuntimeClasspath
org.ow2.asm:asm-util:9.7.1=integrationTestRuntimeClasspath,testRuntimeClasspath
org.ow2.asm:asm:9.7=jacocoAnt
org.ow2.asm:asm:9.7.1=integrationTestCompileClasspath,integrationTestRuntimeClasspath,testCompileClasspath,testRuntimeClasspath
org.projectlombok:lombok:1.18.36=annotationProcessor,compileClasspath,integrationTestAnnotationProcessor,integrationTestCompileClasspath,testAnnotationProcessor,testCompileClasspath
org.rnorth.duct-tape:duct-tape:1.0.8=integrationTestCompileClasspath,integrationTestRuntimeClasspath
org.skyscreamer:jsonassert:1.5.3=integrationTestCompileClasspath,integrationTestRuntimeClasspath,testCompileClasspath,testRuntimeClasspath
org.slf4j:jul-to-slf4j:2.0.17=compileClasspath,integrationTestCompileClasspath,integrationTestRuntimeClasspath,runtimeClasspath,testCompileClasspath,testRuntimeClasspath
org.slf4j:slf4j-api:2.0.17=compileClasspath,integrationTestCompileClasspath,integrationTestRuntimeClasspath,runtimeClasspath,testCompileClasspath,testRuntimeClasspath
org.spockframework:spock-bom:2.4-M5-groovy-4.0=annotationProcessor,compileClasspath,integrationTestAnnotationProcessor,integrationTestCompileClasspath,integrationTestRuntimeClasspath,productionRuntimeClasspath,runtimeClasspath,testAnnotationProcessor,testCompileClasspath,testRuntimeClasspath
org.spockframework:spock-core:2.4-M5-groovy-4.0=integrationTestCompileClasspath,integrationTestRuntimeClasspath,testCompileClasspath,testRuntimeClasspath
org.springframework.boot:spring-boot-autoconfigure:3.4.4=compileClasspath,developmentOnly,integrationTestCompileClasspath,integrationTestRuntimeClasspath,runtimeClasspath,testCompileClasspath,testRuntimeClasspath
org.springframework.boot:spring-boot-configuration-processor:3.4.4=annotationProcessor,compileClasspath,integrationTestAnnotationProcessor,integrationTestCompileClasspath,testAnnotationProcessor,testCompileClasspath
org.springframework.boot:spring-boot-dependencies:3.4.4=annotationProcessor,compileClasspath,integrationTestAnnotationProcessor,integrationTestCompileClasspath,integrationTestRuntimeClasspath,productionRuntimeClasspath,runtimeClasspath,testAnnotationProcessor,testCompileClasspath,testRuntimeClasspath
org.springframework.boot:spring-boot-devtools:3.4.4=developmentOnly
org.springframework.boot:spring-boot-starter-data-mongodb:3.4.4=compileClasspath,integrationTestCompileClasspath,integrationTestRuntimeClasspath,runtimeClasspath,testCompileClasspath,testRuntimeClasspath
org.springframework.boot:spring-boot-starter-logging:3.4.4=compileClasspath,integrationTestCompileClasspath,integrationTestRuntimeClasspath,runtimeClasspath,testCompileClasspath,testRuntimeClasspath
org.springframework.boot:spring-boot-starter-test:3.4.4=integrationTestCompileClasspath,integrationTestRuntimeClasspath,testCompileClasspath,testRuntimeClasspath
org.springframework.boot:spring-boot-starter:3.4.4=compileClasspath,integrationTestCompileClasspath,integrationTestRuntimeClasspath,runtimeClasspath,testCompileClasspath,testRuntimeClasspath
org.springframework.boot:spring-boot-test-autoconfigure:3.4.4=integrationTestCompileClasspath,integrationTestRuntimeClasspath,testCompileClasspath,testRuntimeClasspath
org.springframework.boot:spring-boot-test:3.4.4=integrationTestCompileClasspath,integrationTestRuntimeClasspath,testCompileClasspath,testRuntimeClasspath
org.springframework.boot:spring-boot:3.4.4=compileClasspath,developmentOnly,integrationTestCompileClasspath,integrationTestRuntimeClasspath,runtimeClasspath,testCompileClasspath,testRuntimeClasspath
org.springframework.data:spring-data-commons:3.4.4=compileClasspath,integrationTestCompileClasspath,integrationTestRuntimeClasspath,runtimeClasspath,testCompileClasspath,testRuntimeClasspath
org.springframework.data:spring-data-mongodb:4.4.4=compileClasspath,integrationTestCompileClasspath,integrationTestRuntimeClasspath,runtimeClasspath,testCompileClasspath,testRuntimeClasspath
org.springframework:spring-aop:6.2.5=compileClasspath,developmentOnly,integrationTestCompileClasspath,integrationTestRuntimeClasspath,runtimeClasspath,testCompileClasspath,testRuntimeClasspath
org.springframework:spring-beans:6.2.5=compileClasspath,developmentOnly,integrationTestCompileClasspath,integrationTestRuntimeClasspath,runtimeClasspath,testCompileClasspath,testRuntimeClasspath
org.springframework:spring-context:6.2.5=compileClasspath,developmentOnly,integrationTestCompileClasspath,integrationTestRuntimeClasspath,runtimeClasspath,testCompileClasspath,testRuntimeClasspath
org.springframework:spring-core:6.2.5=compileClasspath,developmentOnly,integrationTestCompileClasspath,integrationTestRuntimeClasspath,runtimeClasspath,testCompileClasspath,testRuntimeClasspath
org.springframework:spring-expression:6.2.5=compileClasspath,developmentOnly,integrationTestCompileClasspath,integrationTestRuntimeClasspath,runtimeClasspath,testCompileClasspath,testRuntimeClasspath
org.springframework:spring-jcl:6.2.5=compileClasspath,developmentOnly,integrationTestCompileClasspath,integrationTestRuntimeClasspath,runtimeClasspath,testCompileClasspath,testRuntimeClasspath
org.springframework:spring-test:6.2.5=integrationTestCompileClasspath,integrationTestRuntimeClasspath,testCompileClasspath,testRuntimeClasspath
org.springframework:spring-tx:6.2.5=compileClasspath,integrationTestCompileClasspath,integrationTestRuntimeClasspath,runtimeClasspath,testCompileClasspath,testRuntimeClasspath
org.testcontainers:spock:1.20.6=integrationTestCompileClasspath,integrationTestRuntimeClasspath
org.testcontainers:testcontainers-bom:1.20.4=annotationProcessor,compileClasspath,integrationTestAnnotationProcessor,integrationTestCompileClasspath,integrationTestRuntimeClasspath,productionRuntimeClasspath,runtimeClasspath,testAnnotationProcessor,testCompileClasspath,testRuntimeClasspath
org.testcontainers:testcontainers:1.20.6=integrationTestCompileClasspath,integrationTestRuntimeClasspath
org.xmlunit:xmlunit-core:2.10.0=integrationTestCompileClasspath,integrationTestRuntimeClasspath,testCompileClasspath,testRuntimeClasspath
org.yaml:snakeyaml:2.3=compileClasspath,integrationTestCompileClasspath,integrationTestRuntimeClasspath,runtimeClasspath,testCompileClasspath,testRuntimeClasspath
empty=testAndDevelopmentOnly
